
Microsoft Visual Studio Solution File, Format Version 12.00
# Visual Studio Version 17
VisualStudioVersion = 17.7.34202.233
MinimumVisualStudioVersion = 10.0.40219.1
Project("{54A90642-561A-4BB1-A94E-469ADEE60C69}") = "AlbionOnlineRadar", "AlbionOnlineRadar.esproj", "{DD9FB7E5-1671-4F76-AE82-4DDF371768D9}"
EndProject
Global
	GlobalSection(SolutionConfigurationPlatforms) = preSolution
		Debug|Any CPU = Debug|Any CPU
		Release|Any CPU = Release|Any CPU
	EndGlobalSection
	GlobalSection(ProjectConfigurationPlatforms) = postSolution
		{DD9FB7E5-1671-4F76-AE82-4DDF371768D9}.Debug|Any CPU.ActiveCfg = Debug|Any CPU
		{DD9FB7E5-1671-4F76-AE82-4DDF371768D9}.Debug|Any CPU.Build.0 = Debug|Any CPU
		{DD9FB7E5-1671-4F76-AE82-4DDF371768D9}.Debug|Any CPU.Deploy.0 = Debug|Any CPU
		{DD9FB7E5-1671-4F76-AE82-4DDF371768D9}.Release|Any CPU.ActiveCfg = Release|Any CPU
		{DD9FB7E5-1671-4F76-AE82-4DDF371768D9}.Release|Any CPU.Build.0 = Release|Any CPU
		{DD9FB7E5-1671-4F76-AE82-4DDF371768D9}.Release|Any CPU.Deploy.0 = Release|Any CPU
	EndGlobalSection
	GlobalSection(SolutionProperties) = preSolution
		HideSolutionNode = FALSE
	EndGlobalSection
	GlobalSection(ExtensibilityGlobals) = postSolution
		SolutionGuid = {EBE1D330-EEF4-486B-817E-98709CC4FBAD}
	EndGlobalSection
EndGlobal
